// !$*UTF8*$!
{
	archiveVersion = 1;
	classes = {
	};
	objectVersion = 55;
	objects = {

/* Begin PBXBuildFile section */
		FF072BBB2881587B000C23DC /* CardModel.swift in Sources */ = {isa = PBXBuildFile; fileRef = FF072BBA2881587B000C23DC /* CardModel.swift */; };
		FF072BBE288158FA000C23DC /* CardViewModel.swift in Sources */ = {isa = PBXBuildFile; fileRef = FF072BBD288158FA000C23DC /* CardViewModel.swift */; };
		FF072BC428816AB9000C23DC /* CardViewBuilder.swift in Sources */ = {isa = PBXBuildFile; fileRef = FF072BC328816AB9000C23DC /* CardViewBuilder.swift */; };
		FF072BC628816D56000C23DC /* GameViewBuilder.swift in Sources */ = {isa = PBXBuildFile; fileRef = FF072BC528816D56000C23DC /* GameViewBuilder.swift */; };
		FF6542E128917EA70023D199 /* StartGameViewModel.swift in Sources */ = {isa = PBXBuildFile; fileRef = FF6542E028917EA70023D199 /* StartGameViewModel.swift */; };
		FFA82E412886C899006BAAC5 /* CardState.swift in Sources */ = {isa = PBXBuildFile; fileRef = FFA82E402886C899006BAAC5 /* CardState.swift */; };
		FFA82E432888214F006BAAC5 /* MatchSuccessStatus.swift in Sources */ = {isa = PBXBuildFile; fileRef = FFA82E422888214F006BAAC5 /* MatchSuccessStatus.swift */; };
		FFB75B28287BF92D005E2CD2 /* SetApp.swift in Sources */ = {isa = PBXBuildFile; fileRef = FFB75B27287BF92D005E2CD2 /* SetApp.swift */; };
		FFB75B2A287BF92D005E2CD2 /* ContentView.swift in Sources */ = {isa = PBXBuildFile; fileRef = FFB75B29287BF92D005E2CD2 /* ContentView.swift */; };
		FFB75B2C287BF92E005E2CD2 /* Assets.xcassets in Resources */ = {isa = PBXBuildFile; fileRef = FFB75B2B287BF92E005E2CD2 /* Assets.xcassets */; };
		FFB75B2F287BF92E005E2CD2 /* Preview Assets.xcassets in Resources */ = {isa = PBXBuildFile; fileRef = FFB75B2E287BF92E005E2CD2 /* Preview Assets.xcassets */; };
		FFB75B37287C0AC5005E2CD2 /* GameModel.swift in Sources */ = {isa = PBXBuildFile; fileRef = FFB75B36287C0AC5005E2CD2 /* GameModel.swift */; };
		FFB75B3A287C0B02005E2CD2 /* CardView.swift in Sources */ = {isa = PBXBuildFile; fileRef = FFB75B39287C0B02005E2CD2 /* CardView.swift */; };
		FFB75B3C287C0B12005E2CD2 /* GameView.swift in Sources */ = {isa = PBXBuildFile; fileRef = FFB75B3B287C0B12005E2CD2 /* GameView.swift */; };
		FFB75B3E287C0B2A005E2CD2 /* GameViewModel.swift in Sources */ = {isa = PBXBuildFile; fileRef = FFB75B3D287C0B2A005E2CD2 /* GameViewModel.swift */; };
		FFB75B40287C0B52005E2CD2 /* StartGameView.swift in Sources */ = {isa = PBXBuildFile; fileRef = FFB75B3F287C0B52005E2CD2 /* StartGameView.swift */; };
		FFB75B44287C2C4D005E2CD2 /* CardContentModel.swift in Sources */ = {isa = PBXBuildFile; fileRef = FFB75B43287C2C4D005E2CD2 /* CardContentModel.swift */; };
		FFB75B47287C2C95005E2CD2 /* ContentShape.swift in Sources */ = {isa = PBXBuildFile; fileRef = FFB75B46287C2C95005E2CD2 /* ContentShape.swift */; };
		FFB75B49287C2CC7005E2CD2 /* ContentColor.swift in Sources */ = {isa = PBXBuildFile; fileRef = FFB75B48287C2CC7005E2CD2 /* ContentColor.swift */; };
		FFB75B4B287C2CFC005E2CD2 /* NumOfShapes.swift in Sources */ = {isa = PBXBuildFile; fileRef = FFB75B4A287C2CFC005E2CD2 /* NumOfShapes.swift */; };
		FFB75B4D287C2D21005E2CD2 /* Shading.swift in Sources */ = {isa = PBXBuildFile; fileRef = FFB75B4C287C2D21005E2CD2 /* Shading.swift */; };
		FFB75B50287D6F15005E2CD2 /* DeckBuilder.swift in Sources */ = {isa = PBXBuildFile; fileRef = FFB75B4F287D6F15005E2CD2 /* DeckBuilder.swift */; };
		FFB75B54287E9514005E2CD2 /* AspectVGrid.swift in Sources */ = {isa = PBXBuildFile; fileRef = FFB75B53287E9514005E2CD2 /* AspectVGrid.swift */; };
		FFDD3819288AC47A00C9C14D /* Player.swift in Sources */ = {isa = PBXBuildFile; fileRef = FFDD3818288AC47A00C9C14D /* Player.swift */; };
		FFF6C6B4289B8D370022C3FD /* FaceCardView.swift in Sources */ = {isa = PBXBuildFile; fileRef = FFF6C6B3289B8D370022C3FD /* FaceCardView.swift */; };
		FFF6C6B6289B8D440022C3FD /* BackCardView.swift in Sources */ = {isa = PBXBuildFile; fileRef = FFF6C6B5289B8D440022C3FD /* BackCardView.swift */; };
/* End PBXBuildFile section */

/* Begin PBXFileReference section */
		FF072BBA2881587B000C23DC /* CardModel.swift */ = {isa = PBXFileReference; lastKnownFileType = sourcecode.swift; path = CardModel.swift; sourceTree = "<group>"; };
		FF072BBD288158FA000C23DC /* CardViewModel.swift */ = {isa = PBXFileReference; lastKnownFileType = sourcecode.swift; path = CardViewModel.swift; sourceTree = "<group>"; };
		FF072BC328816AB9000C23DC /* CardViewBuilder.swift */ = {isa = PBXFileReference; lastKnownFileType = sourcecode.swift; path = CardViewBuilder.swift; sourceTree = "<group>"; };
		FF072BC528816D56000C23DC /* GameViewBuilder.swift */ = {isa = PBXFileReference; lastKnownFileType = sourcecode.swift; path = GameViewBuilder.swift; sourceTree = "<group>"; };
		FF6542E028917EA70023D199 /* StartGameViewModel.swift */ = {isa = PBXFileReference; lastKnownFileType = sourcecode.swift; path = StartGameViewModel.swift; sourceTree = "<group>"; };
		FFA82E402886C899006BAAC5 /* CardState.swift */ = {isa = PBXFileReference; lastKnownFileType = sourcecode.swift; path = CardState.swift; sourceTree = "<group>"; };
		FFA82E422888214F006BAAC5 /* MatchSuccessStatus.swift */ = {isa = PBXFileReference; lastKnownFileType = sourcecode.swift; path = MatchSuccessStatus.swift; sourceTree = "<group>"; };
		FFB75B24287BF92D005E2CD2 /* Set.app */ = {isa = PBXFileReference; explicitFileType = wrapper.application; includeInIndex = 0; path = Set.app; sourceTree = BUILT_PRODUCTS_DIR; };
		FFB75B27287BF92D005E2CD2 /* SetApp.swift */ = {isa = PBXFileReference; lastKnownFileType = sourcecode.swift; path = SetApp.swift; sourceTree = "<group>"; };
		FFB75B29287BF92D005E2CD2 /* ContentView.swift */ = {isa = PBXFileReference; lastKnownFileType = sourcecode.swift; path = ContentView.swift; sourceTree = "<group>"; };
		FFB75B2B287BF92E005E2CD2 /* Assets.xcassets */ = {isa = PBXFileReference; lastKnownFileType = folder.assetcatalog; path = Assets.xcassets; sourceTree = "<group>"; };
		FFB75B2E287BF92E005E2CD2 /* Preview Assets.xcassets */ = {isa = PBXFileReference; lastKnownFileType = folder.assetcatalog; path = "Preview Assets.xcassets"; sourceTree = "<group>"; };
		FFB75B36287C0AC5005E2CD2 /* GameModel.swift */ = {isa = PBXFileReference; lastKnownFileType = sourcecode.swift; path = GameModel.swift; sourceTree = "<group>"; };
		FFB75B39287C0B02005E2CD2 /* CardView.swift */ = {isa = PBXFileReference; lastKnownFileType = sourcecode.swift; path = CardView.swift; sourceTree = "<group>"; };
		FFB75B3B287C0B12005E2CD2 /* GameView.swift */ = {isa = PBXFileReference; lastKnownFileType = sourcecode.swift; path = GameView.swift; sourceTree = "<group>"; };
		FFB75B3D287C0B2A005E2CD2 /* GameViewModel.swift */ = {isa = PBXFileReference; lastKnownFileType = sourcecode.swift; path = GameViewModel.swift; sourceTree = "<group>"; };
		FFB75B3F287C0B52005E2CD2 /* StartGameView.swift */ = {isa = PBXFileReference; lastKnownFileType = sourcecode.swift; path = StartGameView.swift; sourceTree = "<group>"; };
		FFB75B43287C2C4D005E2CD2 /* CardContentModel.swift */ = {isa = PBXFileReference; lastKnownFileType = sourcecode.swift; path = CardContentModel.swift; sourceTree = "<group>"; };
		FFB75B46287C2C95005E2CD2 /* ContentShape.swift */ = {isa = PBXFileReference; lastKnownFileType = sourcecode.swift; path = ContentShape.swift; sourceTree = "<group>"; };
		FFB75B48287C2CC7005E2CD2 /* ContentColor.swift */ = {isa = PBXFileReference; lastKnownFileType = sourcecode.swift; path = ContentColor.swift; sourceTree = "<group>"; };
		FFB75B4A287C2CFC005E2CD2 /* NumOfShapes.swift */ = {isa = PBXFileReference; lastKnownFileType = sourcecode.swift; path = NumOfShapes.swift; sourceTree = "<group>"; };
		FFB75B4C287C2D21005E2CD2 /* Shading.swift */ = {isa = PBXFileReference; lastKnownFileType = sourcecode.swift; path = Shading.swift; sourceTree = "<group>"; };
		FFB75B4F287D6F15005E2CD2 /* DeckBuilder.swift */ = {isa = PBXFileReference; lastKnownFileType = sourcecode.swift; path = DeckBuilder.swift; sourceTree = "<group>"; };
		FFB75B53287E9514005E2CD2 /* AspectVGrid.swift */ = {isa = PBXFileReference; lastKnownFileType = sourcecode.swift; path = AspectVGrid.swift; sourceTree = "<group>"; };
		FFDD3818288AC47A00C9C14D /* Player.swift */ = {isa = PBXFileReference; lastKnownFileType = sourcecode.swift; path = Player.swift; sourceTree = "<group>"; };
		FFF6C6B3289B8D370022C3FD /* FaceCardView.swift */ = {isa = PBXFileReference; lastKnownFileType = sourcecode.swift; path = FaceCardView.swift; sourceTree = "<group>"; };
		FFF6C6B5289B8D440022C3FD /* BackCardView.swift */ = {isa = PBXFileReference; lastKnownFileType = sourcecode.swift; path = BackCardView.swift; sourceTree = "<group>"; };
/* End PBXFileReference section */

/* Begin PBXFrameworksBuildPhase section */
		FFB75B21287BF92D005E2CD2 /* Frameworks */ = {
			isa = PBXFrameworksBuildPhase;
			buildActionMask = 2147483647;
			files = (
			);
			runOnlyForDeploymentPostprocessing = 0;
		};
/* End PBXFrameworksBuildPhase section */

/* Begin PBXGroup section */
		FF072BBC288158D5000C23DC /* Card */ = {
			isa = PBXGroup;
			children = (
				FFB75B39287C0B02005E2CD2 /* CardView.swift */,
				FF072BBD288158FA000C23DC /* CardViewModel.swift */,
				FF072BC328816AB9000C23DC /* CardViewBuilder.swift */,
				FFF6C6B3289B8D370022C3FD /* FaceCardView.swift */,
				FFF6C6B5289B8D440022C3FD /* BackCardView.swift */,
			);
			path = Card;
			sourceTree = "<group>";
		};
		FF072BC728817AC7000C23DC /* StartGame */ = {
			isa = PBXGroup;
			children = (
				FFB75B3F287C0B52005E2CD2 /* StartGameView.swift */,
				FF6542E028917EA70023D199 /* StartGameViewModel.swift */,
			);
			path = StartGame;
			sourceTree = "<group>";
		};
		FFB75B1B287BF92D005E2CD2 = {
			isa = PBXGroup;
			children = (
				FFB75B26287BF92D005E2CD2 /* Set */,
				FFB75B25287BF92D005E2CD2 /* Products */,
			);
			sourceTree = "<group>";
		};
		FFB75B25287BF92D005E2CD2 /* Products */ = {
			isa = PBXGroup;
			children = (
				FFB75B24287BF92D005E2CD2 /* Set.app */,
			);
			name = Products;
			sourceTree = "<group>";
		};
		FFB75B26287BF92D005E2CD2 /* Set */ = {
			isa = PBXGroup;
			children = (
				FFDD3817288AC46C00C9C14D /* Player */,
				FF072BC728817AC7000C23DC /* StartGame */,
				FF072BBC288158D5000C23DC /* Card */,
				FFB75B4E287D6EEE005E2CD2 /* Utilities */,
				FFB75B45287C2C83005E2CD2 /* Enums */,
				FFB75B38287C0ADE005E2CD2 /* Game */,
				FFB75B35287C0AAB005E2CD2 /* Models */,
				FFB75B27287BF92D005E2CD2 /* SetApp.swift */,
				FFB75B29287BF92D005E2CD2 /* ContentView.swift */,
				FFB75B2B287BF92E005E2CD2 /* Assets.xcassets */,
				FFB75B2D287BF92E005E2CD2 /* Preview Content */,
			);
			path = Set;
			sourceTree = "<group>";
		};
		FFB75B2D287BF92E005E2CD2 /* Preview Content */ = {
			isa = PBXGroup;
			children = (
				FFB75B2E287BF92E005E2CD2 /* Preview Assets.xcassets */,
			);
			path = "Preview Content";
			sourceTree = "<group>";
		};
		FFB75B35287C0AAB005E2CD2 /* Models */ = {
			isa = PBXGroup;
			children = (
				FFB75B36287C0AC5005E2CD2 /* GameModel.swift */,
				FFB75B43287C2C4D005E2CD2 /* CardContentModel.swift */,
				FF072BBA2881587B000C23DC /* CardModel.swift */,
			);
			path = Models;
			sourceTree = "<group>";
		};
		FFB75B38287C0ADE005E2CD2 /* Game */ = {
			isa = PBXGroup;
			children = (
				FFB75B3B287C0B12005E2CD2 /* GameView.swift */,
				FFB75B3D287C0B2A005E2CD2 /* GameViewModel.swift */,
				FFB75B53287E9514005E2CD2 /* AspectVGrid.swift */,
				FF072BC528816D56000C23DC /* GameViewBuilder.swift */,
			);
			path = Game;
			sourceTree = "<group>";
		};
		FFB75B45287C2C83005E2CD2 /* Enums */ = {
			isa = PBXGroup;
			children = (
				FFB75B46287C2C95005E2CD2 /* ContentShape.swift */,
				FFB75B48287C2CC7005E2CD2 /* ContentColor.swift */,
				FFB75B4A287C2CFC005E2CD2 /* NumOfShapes.swift */,
				FFB75B4C287C2D21005E2CD2 /* Shading.swift */,
				FFA82E402886C899006BAAC5 /* CardState.swift */,
				FFA82E422888214F006BAAC5 /* MatchSuccessStatus.swift */,
			);
			path = Enums;
			sourceTree = "<group>";
		};
		FFB75B4E287D6EEE005E2CD2 /* Utilities */ = {
			isa = PBXGroup;
			children = (
				FFB75B4F287D6F15005E2CD2 /* DeckBuilder.swift */,
			);
			path = Utilities;
			sourceTree = "<group>";
		};
		FFDD3817288AC46C00C9C14D /* Player */ = {
			isa = PBXGroup;
			children = (
				FFDD3818288AC47A00C9C14D /* Player.swift */,
			);
			path = Player;
			sourceTree = "<group>";
		};
/* End PBXGroup section */

/* Begin PBXNativeTarget section */
		FFB75B23287BF92D005E2CD2 /* Set */ = {
			isa = PBXNativeTarget;
			buildConfigurationList = FFB75B32287BF92E005E2CD2 /* Build configuration list for PBXNativeTarget "Set" */;
			buildPhases = (
				FFB75B20287BF92D005E2CD2 /* Sources */,
				FFB75B21287BF92D005E2CD2 /* Frameworks */,
				FFB75B22287BF92D005E2CD2 /* Resources */,
			);
			buildRules = (
			);
			dependencies = (
			);
			name = Set;
			productName = Set;
			productReference = FFB75B24287BF92D005E2CD2 /* Set.app */;
			productType = "com.apple.product-type.application";
		};
/* End PBXNativeTarget section */

/* Begin PBXProject section */
		FFB75B1C287BF92D005E2CD2 /* Project object */ = {
			isa = PBXProject;
			attributes = {
				BuildIndependentTargetsInParallel = 1;
				LastSwiftUpdateCheck = 1330;
				LastUpgradeCheck = 1330;
				TargetAttributes = {
					FFB75B23287BF92D005E2CD2 = {
						CreatedOnToolsVersion = 13.3;
					};
				};
			};
			buildConfigurationList = FFB75B1F287BF92D005E2CD2 /* Build configuration list for PBXProject "Set" */;
			compatibilityVersion = "Xcode 13.0";
			developmentRegion = en;
			hasScannedForEncodings = 0;
			knownRegions = (
				en,
				Base,
			);
			mainGroup = FFB75B1B287BF92D005E2CD2;
			productRefGroup = FFB75B25287BF92D005E2CD2 /* Products */;
			projectDirPath = "";
			projectRoot = "";
			targets = (
				FFB75B23287BF92D005E2CD2 /* Set */,
			);
		};
/* End PBXProject section */

/* Begin PBXResourcesBuildPhase section */
		FFB75B22287BF92D005E2CD2 /* Resources */ = {
			isa = PBXResourcesBuildPhase;
			buildActionMask = 2147483647;
			files = (
				FFB75B2F287BF92E005E2CD2 /* Preview Assets.xcassets in Resources */,
				FFB75B2C287BF92E005E2CD2 /* Assets.xcassets in Resources */,
			);
			runOnlyForDeploymentPostprocessing = 0;
		};
/* End PBXResourcesBuildPhase section */

/* Begin PBXSourcesBuildPhase section */
		FFB75B20287BF92D005E2CD2 /* Sources */ = {
			isa = PBXSourcesBuildPhase;
			buildActionMask = 2147483647;
			files = (
				FFB75B4B287C2CFC005E2CD2 /* NumOfShapes.swift in Sources */,
				FFA82E432888214F006BAAC5 /* MatchSuccessStatus.swift in Sources */,
				FFB75B3E287C0B2A005E2CD2 /* GameViewModel.swift in Sources */,
				FFA82E412886C899006BAAC5 /* CardState.swift in Sources */,
				FFB75B54287E9514005E2CD2 /* AspectVGrid.swift in Sources */,
				FF072BC628816D56000C23DC /* GameViewBuilder.swift in Sources */,
				FFB75B2A287BF92D005E2CD2 /* ContentView.swift in Sources */,
				FF072BBE288158FA000C23DC /* CardViewModel.swift in Sources */,
				FFB75B28287BF92D005E2CD2 /* SetApp.swift in Sources */,
				FF072BBB2881587B000C23DC /* CardModel.swift in Sources */,
				FFF6C6B4289B8D370022C3FD /* FaceCardView.swift in Sources */,
				FF072BC428816AB9000C23DC /* CardViewBuilder.swift in Sources */,
				FFB75B49287C2CC7005E2CD2 /* ContentColor.swift in Sources */,
				FFB75B40287C0B52005E2CD2 /* StartGameView.swift in Sources */,
				FFB75B47287C2C95005E2CD2 /* ContentShape.swift in Sources */,
				FFB75B3A287C0B02005E2CD2 /* CardView.swift in Sources */,
				FFB75B37287C0AC5005E2CD2 /* GameModel.swift in Sources */,
				FFB75B3C287C0B12005E2CD2 /* GameView.swift in Sources */,
				FFB75B4D287C2D21005E2CD2 /* Shading.swift in Sources */,
				FFF6C6B6289B8D440022C3FD /* BackCardView.swift in Sources */,
				FFDD3819288AC47A00C9C14D /* Player.swift in Sources */,
				FF6542E128917EA70023D199 /* StartGameViewModel.swift in Sources */,
				FFB75B44287C2C4D005E2CD2 /* CardContentModel.swift in Sources */,
				FFB75B50287D6F15005E2CD2 /* DeckBuilder.swift in Sources */,
			);
			runOnlyForDeploymentPostprocessing = 0;
		};
/* End PBXSourcesBuildPhase section */

/* Begin XCBuildConfiguration section */
		FFB75B30287BF92E005E2CD2 /* Debug */ = {
			isa = XCBuildConfiguration;
			buildSettings = {
				ALWAYS_SEARCH_USER_PATHS = NO;
				CLANG_ANALYZER_NONNULL = YES;
				CLANG_ANALYZER_NUMBER_OBJECT_CONVERSION = YES_AGGRESSIVE;
				CLANG_CXX_LANGUAGE_STANDARD = "gnu++17";
				CLANG_ENABLE_MODULES = YES;
				CLANG_ENABLE_OBJC_ARC = YES;
				CLANG_ENABLE_OBJC_WEAK = YES;
				CLANG_WARN_BLOCK_CAPTURE_AUTORELEASING = YES;
				CLANG_WARN_BOOL_CONVERSION = YES;
				CLANG_WARN_COMMA = YES;
				CLANG_WARN_CONSTANT_CONVERSION = YES;
				CLANG_WARN_DEPRECATED_OBJC_IMPLEMENTATIONS = YES;
				CLANG_WARN_DIRECT_OBJC_ISA_USAGE = YES_ERROR;
				CLANG_WARN_DOCUMENTATION_COMMENTS = YES;
				CLANG_WARN_EMPTY_BODY = YES;
				CLANG_WARN_ENUM_CONVERSION = YES;
				CLANG_WARN_INFINITE_RECURSION = YES;
				CLANG_WARN_INT_CONVERSION = YES;
				CLANG_WARN_NON_LITERAL_NULL_CONVERSION = YES;
				CLANG_WARN_OBJC_IMPLICIT_RETAIN_SELF = YES;
				CLANG_WARN_OBJC_LITERAL_CONVERSION = YES;
				CLANG_WARN_OBJC_ROOT_CLASS = YES_ERROR;
				CLANG_WARN_QUOTED_INCLUDE_IN_FRAMEWORK_HEADER = YES;
				CLANG_WARN_RANGE_LOOP_ANALYSIS = YES;
				CLANG_WARN_STRICT_PROTOTYPES = YES;
				CLANG_WARN_SUSPICIOUS_MOVE = YES;
				CLANG_WARN_UNGUARDED_AVAILABILITY = YES_AGGRESSIVE;
				CLANG_WARN_UNREACHABLE_CODE = YES;
				CLANG_WARN__DUPLICATE_METHOD_MATCH = YES;
				COPY_PHASE_STRIP = NO;
				DEBUG_INFORMATION_FORMAT = dwarf;
				ENABLE_STRICT_OBJC_MSGSEND = YES;
				ENABLE_TESTABILITY = YES;
				GCC_C_LANGUAGE_STANDARD = gnu11;
				GCC_DYNAMIC_NO_PIC = NO;
				GCC_NO_COMMON_BLOCKS = YES;
				GCC_OPTIMIZATION_LEVEL = 0;
				GCC_PREPROCESSOR_DEFINITIONS = (
					"DEBUG=1",
					"$(inherited)",
				);
				GCC_WARN_64_TO_32_BIT_CONVERSION = YES;
				GCC_WARN_ABOUT_RETURN_TYPE = YES_ERROR;
				GCC_WARN_UNDECLARED_SELECTOR = YES;
				GCC_WARN_UNINITIALIZED_AUTOS = YES_AGGRESSIVE;
				GCC_WARN_UNUSED_FUNCTION = YES;
				GCC_WARN_UNUSED_VARIABLE = YES;
				IPHONEOS_DEPLOYMENT_TARGET = 15.4;
				MTL_ENABLE_DEBUG_INFO = INCLUDE_SOURCE;
				MTL_FAST_MATH = YES;
				ONLY_ACTIVE_ARCH = YES;
				SDKROOT = iphoneos;
				SWIFT_ACTIVE_COMPILATION_CONDITIONS = DEBUG;
				SWIFT_OPTIMIZATION_LEVEL = "-Onone";
			};
			name = Debug;
		};
		FFB75B31287BF92E005E2CD2 /* Release */ = {
			isa = XCBuildConfiguration;
			buildSettings = {
				ALWAYS_SEARCH_USER_PATHS = NO;
				CLANG_ANALYZER_NONNULL = YES;
				CLANG_ANALYZER_NUMBER_OBJECT_CONVERSION = YES_AGGRESSIVE;
				CLANG_CXX_LANGUAGE_STANDARD = "gnu++17";
				CLANG_ENABLE_MODULES = YES;
				CLANG_ENABLE_OBJC_ARC = YES;
				CLANG_ENABLE_OBJC_WEAK = YES;
				CLANG_WARN_BLOCK_CAPTURE_AUTORELEASING = YES;
				CLANG_WARN_BOOL_CONVERSION = YES;
				CLANG_WARN_COMMA = YES;
				CLANG_WARN_CONSTANT_CONVERSION = YES;
				CLANG_WARN_DEPRECATED_OBJC_IMPLEMENTATIONS = YES;
				CLANG_WARN_DIRECT_OBJC_ISA_USAGE = YES_ERROR;
				CLANG_WARN_DOCUMENTATION_COMMENTS = YES;
				CLANG_WARN_EMPTY_BODY = YES;
				CLANG_WARN_ENUM_CONVERSION = YES;
				CLANG_WARN_INFINITE_RECURSION = YES;
				CLANG_WARN_INT_CONVERSION = YES;
				CLANG_WARN_NON_LITERAL_NULL_CONVERSION = YES;
				CLANG_WARN_OBJC_IMPLICIT_RETAIN_SELF = YES;
				CLANG_WARN_OBJC_LITERAL_CONVERSION = YES;
				CLANG_WARN_OBJC_ROOT_CLASS = YES_ERROR;
				CLANG_WARN_QUOTED_INCLUDE_IN_FRAMEWORK_HEADER = YES;
				CLANG_WARN_RANGE_LOOP_ANALYSIS = YES;
				CLANG_WARN_STRICT_PROTOTYPES = YES;
				CLANG_WARN_SUSPICIOUS_MOVE = YES;
				CLANG_WARN_UNGUARDED_AVAILABILITY = YES_AGGRESSIVE;
				CLANG_WARN_UNREACHABLE_CODE = YES;
				CLANG_WARN__DUPLICATE_METHOD_MATCH = YES;
				COPY_PHASE_STRIP = NO;
				DEBUG_INFORMATION_FORMAT = "dwarf-with-dsym";
				ENABLE_NS_ASSERTIONS = NO;
				ENABLE_STRICT_OBJC_MSGSEND = YES;
				GCC_C_LANGUAGE_STANDARD = gnu11;
				GCC_NO_COMMON_BLOCKS = YES;
				GCC_WARN_64_TO_32_BIT_CONVERSION = YES;
				GCC_WARN_ABOUT_RETURN_TYPE = YES_ERROR;
				GCC_WARN_UNDECLARED_SELECTOR = YES;
				GCC_WARN_UNINITIALIZED_AUTOS = YES_AGGRESSIVE;
				GCC_WARN_UNUSED_FUNCTION = YES;
				GCC_WARN_UNUSED_VARIABLE = YES;
				IPHONEOS_DEPLOYMENT_TARGET = 15.4;
				MTL_ENABLE_DEBUG_INFO = NO;
				MTL_FAST_MATH = YES;
				SDKROOT = iphoneos;
				SWIFT_COMPILATION_MODE = wholemodule;
				SWIFT_OPTIMIZATION_LEVEL = "-O";
				VALIDATE_PRODUCT = YES;
			};
			name = Release;
		};
		FFB75B33287BF92E005E2CD2 /* Debug */ = {
			isa = XCBuildConfiguration;
			buildSettings = {
				ASSETCATALOG_COMPILER_APPICON_NAME = AppIcon;
				ASSETCATALOG_COMPILER_GLOBAL_ACCENT_COLOR_NAME = AccentColor;
				CODE_SIGN_STYLE = Automatic;
				CURRENT_PROJECT_VERSION = 1;
				DEVELOPMENT_ASSET_PATHS = "\"Set/Preview Content\"";
				DEVELOPMENT_TEAM = MCG95QBP8C;
				ENABLE_PREVIEWS = YES;
				GENERATE_INFOPLIST_FILE = YES;
				INFOPLIST_KEY_UIApplicationSceneManifest_Generation = YES;
				INFOPLIST_KEY_UIApplicationSupportsIndirectInputEvents = YES;
				INFOPLIST_KEY_UILaunchScreen_Generation = YES;
				INFOPLIST_KEY_UISupportedInterfaceOrientations_iPad = "UIInterfaceOrientationPortrait UIInterfaceOrientationPortraitUpsideDown UIInterfaceOrientationLandscapeLeft UIInterfaceOrientationLandscapeRight";
				INFOPLIST_KEY_UISupportedInterfaceOrientations_iPhone = "UIInterfaceOrientationPortrait UIInterfaceOrientationLandscapeLeft UIInterfaceOrientationLandscapeRight";
				LD_RUNPATH_SEARCH_PATHS = (
					"$(inherited)",
					"@executable_path/Frameworks",
				);
				MARKETING_VERSION = 1.0;
				PRODUCT_BUNDLE_IDENTIFIER = MK.Set;
				PRODUCT_NAME = "$(TARGET_NAME)";
				SWIFT_EMIT_LOC_STRINGS = YES;
				SWIFT_VERSION = 5.0;
				TARGETED_DEVICE_FAMILY = "1,2";
			};
			name = Debug;
		};
		FFB75B34287BF92E005E2CD2 /* Release */ = {
			isa = XCBuildConfiguration;
			buildSettings = {
				ASSETCATALOG_COMPILER_APPICON_NAME = AppIcon;
				ASSETCATALOG_COMPILER_GLOBAL_ACCENT_COLOR_NAME = AccentColor;
				CODE_SIGN_STYLE = Automatic;
				CURRENT_PROJECT_VERSION = 1;
				DEVELOPMENT_ASSET_PATHS = "\"Set/Preview Content\"";
				DEVELOPMENT_TEAM = MCG95QBP8C;
				ENABLE_PREVIEWS = YES;
				GENERATE_INFOPLIST_FILE = YES;
				INFOPLIST_KEY_UIApplicationSceneManifest_Generation = YES;
				INFOPLIST_KEY_UIApplicationSupportsIndirectInputEvents = YES;
				INFOPLIST_KEY_UILaunchScreen_Generation = YES;
				INFOPLIST_KEY_UISupportedInterfaceOrientations_iPad = "UIInterfaceOrientationPortrait UIInterfaceOrientationPortraitUpsideDown UIInterfaceOrientationLandscapeLeft UIInterfaceOrientationLandscapeRight";
				INFOPLIST_KEY_UISupportedInterfaceOrientations_iPhone = "UIInterfaceOrientationPortrait UIInterfaceOrientationLandscapeLeft UIInterfaceOrientationLandscapeRight";
				LD_RUNPATH_SEARCH_PATHS = (
					"$(inherited)",
					"@executable_path/Frameworks",
				);
				MARKETING_VERSION = 1.0;
				PRODUCT_BUNDLE_IDENTIFIER = MK.Set;
				PRODUCT_NAME = "$(TARGET_NAME)";
				SWIFT_EMIT_LOC_STRINGS = YES;
				SWIFT_VERSION = 5.0;
				TARGETED_DEVICE_FAMILY = "1,2";
			};
			name = Release;
		};
/* End XCBuildConfiguration section */

/* Begin XCConfigurationList section */
		FFB75B1F287BF92D005E2CD2 /* Build configuration list for PBXProject "Set" */ = {
			isa = XCConfigurationList;
			buildConfigurations = (
				FFB75B30287BF92E005E2CD2 /* Debug */,
				FFB75B31287BF92E005E2CD2 /* Release */,
			);
			defaultConfigurationIsVisible = 0;
			defaultConfigurationName = Release;
		};
		FFB75B32287BF92E005E2CD2 /* Build configuration list for PBXNativeTarget "Set" */ = {
			isa = XCConfigurationList;
			buildConfigurations = (
				FFB75B33287BF92E005E2CD2 /* Debug */,
				FFB75B34287BF92E005E2CD2 /* Release */,
			);
			defaultConfigurationIsVisible = 0;
			defaultConfigurationName = Release;
		};
/* End XCConfigurationList section */
	};
	rootObject = FFB75B1C287BF92D005E2CD2 /* Project object */;
}
